
Microsoft Visual Studio Solution File, Format Version 12.00
# Visual Studio Version 17
VisualStudioVersion = 17.9.34607.119
MinimumVisualStudioVersion = 10.0.40219.1
Project("{2150E333-8FDC-42A3-9474-1A3956D46DE8}") = "Services", "Services", "{B0699F4E-B4CD-4572-96E2-17538E91E86E}"
EndProject
Project("{2150E333-8FDC-42A3-9474-1A3956D46DE8}") = "Catalog", "Catalog", "{F6FB6293-F943-4E6D-B167-5BF28B0EE40B}"
EndProject
Project("{FAE04EC0-301F-11D3-BF4B-00C04F79EFBC}") = "MultiShop.Catalog", "Services\Catalog\MultiShop.Catalog\MultiShop.Catalog.csproj", "{6FCD153A-FDBE-47F5-9AC8-008A0F7340D0}"
EndProject
Global
	GlobalSection(SolutionConfigurationPlatforms) = preSolution
		Debug|Any CPU = Debug|Any CPU
		Release|Any CPU = Release|Any CPU
	EndGlobalSection
	GlobalSection(ProjectConfigurationPlatforms) = postSolution
		{6FCD153A-FDBE-47F5-9AC8-008A0F7340D0}.Debug|Any CPU.ActiveCfg = Debug|Any CPU
		{6FCD153A-FDBE-47F5-9AC8-008A0F7340D0}.Debug|Any CPU.Build.0 = Debug|Any CPU
		{6FCD153A-FDBE-47F5-9AC8-008A0F7340D0}.Release|Any CPU.ActiveCfg = Release|Any CPU
		{6FCD153A-FDBE-47F5-9AC8-008A0F7340D0}.Release|Any CPU.Build.0 = Release|Any CPU
	EndGlobalSection
	GlobalSection(SolutionProperties) = preSolution
		HideSolutionNode = FALSE
	EndGlobalSection
	GlobalSection(NestedProjects) = preSolution
		{F6FB6293-F943-4E6D-B167-5BF28B0EE40B} = {B0699F4E-B4CD-4572-96E2-17538E91E86E}
		{6FCD153A-FDBE-47F5-9AC8-008A0F7340D0} = {F6FB6293-F943-4E6D-B167-5BF28B0EE40B}
	EndGlobalSection
	GlobalSection(ExtensibilityGlobals) = postSolution
		SolutionGuid = {A5F6CF82-E158-4A03-8353-F40C9F6F4CF0}
	EndGlobalSection
EndGlobal
